{
  "nodes": {
    "aski-core": {
      "inputs": {
        "corec": "corec",
        "crane": [
          "crane"
        ],
        "fenix": [
          "fenix"
        ],
        "flake-utils": [
          "flake-utils"
        ],
        "nixpkgs": [
          "nixpkgs"
        ]
      },
      "locked": {
        "lastModified": 1776380483,
        "narHash": "sha256-zs/VhOgrRpMWRIUyIgGewQ+7EzabpB57uPOot7/JRes=",
        "owner": "LiGoldragon",
        "repo": "aski-core",
        "rev": "ae2d50fd417f461168f129f1f71efbee7838cff6",
        "type": "github"
      },
      "original": {
        "owner": "LiGoldragon",
        "repo": "aski-core",
        "type": "github"
      }
    },
    "askicc": {
      "inputs": {
        "aski-core": [
          "aski-core"
        ],
        "crane": [
          "crane"
        ],
        "fenix": [
          "fenix"
        ],
        "flake-utils": [
          "flake-utils"
        ],
        "nixpkgs": [
          "nixpkgs"
        ]
      },
      "locked": {
        "lastModified": 1776411245,
        "narHash": "sha256-5iKELUP+XsUFg/EpbbrEkTOGHuII9w2XUl/TO9X9T90=",
        "owner": "LiGoldragon",
        "repo": "askicc",
        "rev": "d5b37f02a094cf01a16fcea4e8d86e77fd747278",
        "type": "github"
      },
      "original": {
        "owner": "LiGoldragon",
        "repo": "askicc",
        "type": "github"
      }
    },
    "corec": {
      "inputs": {
        "crane": [
          "aski-core",
          "crane"
        ],
        "fenix": [
          "aski-core",
          "fenix"
        ],
        "flake-utils": [
          "aski-core",
          "flake-utils"
        ],
        "nixpkgs": [
          "aski-core",
          "nixpkgs"
        ]
      },
      "locked": {
        "lastModified": 1776380376,
        "narHash": "sha256-8CCrPEMefva0t+HhXGb/f/IrWN5zgBY5f+K7FYEJjv8=",
        "owner": "LiGoldragon",
        "repo": "corec",
        "rev": "4ed5e9d96672967c806d6150296e29dbaa1eb1cf",
        "type": "github"
      },
      "original": {
        "owner": "LiGoldragon",
        "repo": "corec",
        "type": "github"
      }
    },
    "corec_2": {
      "inputs": {
        "crane": [
          "sema-core",
          "crane"
        ],
        "fenix": [
          "sema-core",
          "fenix"
        ],
        "flake-utils": [
          "sema-core",
          "flake-utils"
        ],
        "nixpkgs": [
          "sema-core",
          "nixpkgs"
        ]
      },
      "locked": {
        "lastModified": 1776380376,
        "narHash": "sha256-8CCrPEMefva0t+HhXGb/f/IrWN5zgBY5f+K7FYEJjv8=",
        "owner": "LiGoldragon",
        "repo": "corec",
        "rev": "4ed5e9d96672967c806d6150296e29dbaa1eb1cf",
        "type": "github"
      },
      "original": {
        "owner": "LiGoldragon",
        "repo": "corec",
        "type": "github"
      }
    },
    "crane": {
      "locked": {
        "lastModified": 1776396856,
        "narHash": "sha256-aRJpIJUlZLaf06ekPvqjuU46zvO9K90IxJGpbqodkPs=",
        "owner": "ipetkov",
        "repo": "crane",
        "rev": "28462d6d55c33206ffa5a56c7907ca3125ed788f",
        "type": "github"
      },
      "original": {
        "owner": "ipetkov",
        "repo": "crane",
        "type": "github"
      }
    },
    "fenix": {
      "inputs": {
        "nixpkgs": [
          "nixpkgs"
        ],
        "rust-analyzer-src": "rust-analyzer-src"
      },
      "locked": {
        "lastModified": 1776326782,
        "narHash": "sha256-QzTHb5vhPVensbkL7+WhemxFYXINcdZB1SQ5EMjG2AU=",
        "owner": "nix-community",
        "repo": "fenix",
        "rev": "47ece0146691d625f10a3d2ec4a2c04fca29a35b",
        "type": "github"
      },
      "original": {
        "owner": "nix-community",
        "repo": "fenix",
        "type": "github"
      }
    },
    "flake-utils": {
      "inputs": {
        "systems": "systems"
      },
      "locked": {
        "lastModified": 1731533236,
        "narHash": "sha256-l0KFg5HjrsfsO/JpG+r7fRrqm12kzFHyUHqHCVpMMbI=",
        "owner": "numtide",
        "repo": "flake-utils",
        "rev": "11707dc2f618dd54ca8739b309ec4fc024de578b",
        "type": "github"
      },
      "original": {
        "owner": "numtide",
        "repo": "flake-utils",
        "type": "github"
      }
    },
    "nixpkgs": {
      "locked": {
        "lastModified": 1776255774,
        "narHash": "sha256-psVTpH6PK3q1htMJpmdz1hLF5pQgEshu7gQWgKO6t6Y=",
        "owner": "NixOS",
        "repo": "nixpkgs",
        "rev": "566acc07c54dc807f91625bb286cb9b321b5f42a",
        "type": "github"
      },
      "original": {
        "owner": "NixOS",
        "ref": "nixpkgs-unstable",
        "repo": "nixpkgs",
        "type": "github"
      }
    },
    "root": {
      "inputs": {
        "aski-core": "aski-core",
        "askicc": "askicc",
        "crane": "crane",
        "fenix": "fenix",
        "flake-utils": "flake-utils",
        "nixpkgs": "nixpkgs",
        "sema-core": "sema-core"
      }
    },
    "rust-analyzer-src": {
      "flake": false,
      "locked": {
        "lastModified": 1776280158,
        "narHash": "sha256-0uGgwgFVPQ28cVx7onaB1iTCHGi20MNx54e6KZbYnMs=",
        "owner": "rust-lang",
        "repo": "rust-analyzer",
        "rev": "94c2f68935467a6381a4f3504ae6c709b5fd3c61",
        "type": "github"
      },
      "original": {
        "owner": "rust-lang",
        "ref": "nightly",
        "repo": "rust-analyzer",
        "type": "github"
      }
    },
    "sema-core": {
      "inputs": {
        "corec": "corec_2",
        "crane": [
          "crane"
        ],
        "fenix": [
          "fenix"
        ],
        "flake-utils": [
          "flake-utils"
        ],
        "nixpkgs": [
          "nixpkgs"
        ]
      },
      "locked": {
        "lastModified": 1776410507,
        "narHash": "sha256-MIcF1/mWGA+bnHOh+1uWn7M6hF29wojYXc2xAkZU1sU=",
        "owner": "LiGoldragon",
        "repo": "sema-core",
        "rev": "15399a2022d46f482ad2af35beab70231ce0b82a",
        "type": "github"
      },
      "original": {
        "owner": "LiGoldragon",
        "repo": "sema-core",
        "type": "github"
      }
    },
    "systems": {
      "locked": {
        "lastModified": 1681028828,
        "narHash": "sha256-Vy1rq5AaRuLzOxct8nz4T6wlgyUR7zLU309k9mBC768=",
        "owner": "nix-systems",
        "repo": "default",
        "rev": "da67096a3b9bf56a91d16901293e51ba5b49a27e",
        "type": "github"
      },
      "original": {
        "owner": "nix-systems",
        "repo": "default",
        "type": "github"
      }
    }
  },
  "root": "root",
  "version": 7
}
